
Microsoft Visual Studio Solution File, Format Version 12.00
# Visual Studio Version 16
VisualStudioVersion = 16.0.33529.622
MinimumVisualStudioVersion = 10.0.40219.1
Project("{FAE04EC0-301F-11D3-BF4B-00C04F79EFBC}") = "WindowsFormsApp 2", "WindowsFormsApp 2\WindowsFormsApp 2.csproj", "{60B8CCE8-C111-4179-A457-27F83E998D23}"
EndProject
Global
	GlobalSection(SolutionConfigurationPlatforms) = preSolution
		Debug|Any CPU = Debug|Any CPU
		Release|Any CPU = Release|Any CPU
	EndGlobalSection
	GlobalSection(ProjectConfigurationPlatforms) = postSolution
		{60B8CCE8-C111-4179-A457-27F83E998D23}.Debug|Any CPU.ActiveCfg = Debug|Any CPU
		{60B8CCE8-C111-4179-A457-27F83E998D23}.Debug|Any CPU.Build.0 = Debug|Any CPU
		{60B8CCE8-C111-4179-A457-27F83E998D23}.Release|Any CPU.ActiveCfg = Release|Any CPU
		{60B8CCE8-C111-4179-A457-27F83E998D23}.Release|Any CPU.Build.0 = Release|Any CPU
	EndGlobalSection
	GlobalSection(SolutionProperties) = preSolution
		HideSolutionNode = FALSE
	EndGlobalSection
	GlobalSection(ExtensibilityGlobals) = postSolution
		SolutionGuid = {AF4D00F2-AD73-4588-B028-CFE1FC069000}
	EndGlobalSection
EndGlobal
